
Microsoft Visual Studio Solution File, Format Version 12.00
# Visual Studio Version 17
VisualStudioVersion = 17.6.33815.320
MinimumVisualStudioVersion = 10.0.40219.1
Project("{9A19103F-16F7-4668-BE54-9A1E7A4F7556}") = "CSV_Reader", "SupportingApps\CSV_Reader\CSV_Reader.csproj", "{3DE1F1A2-A1C5-4A5F-B9F2-0E3FD4DE68EB}"
EndProject
Project("{9A19103F-16F7-4668-BE54-9A1E7A4F7556}") = "HTML_to_JSON", "SupportingApps\HTML_to_JSON\HTML_to_JSON.csproj", "{1621495E-4C03-47FA-94E4-95168A71A91B}"
EndProject
Project("{FAE04EC0-301F-11D3-BF4B-00C04F79EFBC}") = "Runway_Json", "SupportingApps\Runway_Json\Runway_Json.csproj", "{C156F2BF-9CCD-49D7-AF12-D27072F94EB3}"
EndProject
Global
	GlobalSection(SolutionConfigurationPlatforms) = preSolution
		Debug|Any CPU = Debug|Any CPU
		Release|Any CPU = Release|Any CPU
	EndGlobalSection
	GlobalSection(ProjectConfigurationPlatforms) = postSolution
		{3DE1F1A2-A1C5-4A5F-B9F2-0E3FD4DE68EB}.Debug|Any CPU.ActiveCfg = Debug|Any CPU
		{3DE1F1A2-A1C5-4A5F-B9F2-0E3FD4DE68EB}.Debug|Any CPU.Build.0 = Debug|Any CPU
		{3DE1F1A2-A1C5-4A5F-B9F2-0E3FD4DE68EB}.Release|Any CPU.ActiveCfg = Release|Any CPU
		{3DE1F1A2-A1C5-4A5F-B9F2-0E3FD4DE68EB}.Release|Any CPU.Build.0 = Release|Any CPU
		{1621495E-4C03-47FA-94E4-95168A71A91B}.Debug|Any CPU.ActiveCfg = Debug|Any CPU
		{1621495E-4C03-47FA-94E4-95168A71A91B}.Debug|Any CPU.Build.0 = Debug|Any CPU
		{1621495E-4C03-47FA-94E4-95168A71A91B}.Release|Any CPU.ActiveCfg = Release|Any CPU
		{1621495E-4C03-47FA-94E4-95168A71A91B}.Release|Any CPU.Build.0 = Release|Any CPU
		{C156F2BF-9CCD-49D7-AF12-D27072F94EB3}.Debug|Any CPU.ActiveCfg = Debug|Any CPU
		{C156F2BF-9CCD-49D7-AF12-D27072F94EB3}.Debug|Any CPU.Build.0 = Debug|Any CPU
		{C156F2BF-9CCD-49D7-AF12-D27072F94EB3}.Release|Any CPU.ActiveCfg = Release|Any CPU
		{C156F2BF-9CCD-49D7-AF12-D27072F94EB3}.Release|Any CPU.Build.0 = Release|Any CPU
	EndGlobalSection
	GlobalSection(SolutionProperties) = preSolution
		HideSolutionNode = FALSE
	EndGlobalSection
	GlobalSection(ExtensibilityGlobals) = postSolution
		SolutionGuid = {6568FE00-36B9-47DD-A984-971161EA4075}
	EndGlobalSection
EndGlobal
